{
  "meteor": {
    "git": "https://github.com/meteor/meteor.git",
    "branch": "master",
    "commit": "cab491f3650fffc85661bca6b3cecf583410e05d"
  },
  "dependencies": {
    "basePackages": {
      "bootstrap-updated": {},
      "router": {},
      "accounts-ui-bootstrap-dropdown": {},
      "spin": {}
    },
    "packages": {
      "bootstrap-updated": {
        "git": "https://github.com/Charuru/bootstrap-updated.git",
        "tag": "v1.0.1",
        "commit": "bdd5fcc8e134e62bcbb9d11aad8270534ffb6493"
      },
      "router": {
        "git": "https://github.com/tmeasday/meteor-router.git",
        "tag": "v0.5.0",
        "commit": "b1ee74c816d1fc63b713139158075feb8a0c6d26"
      },
      "accounts-ui-bootstrap-dropdown": {
        "git": "https://github.com/erobit/meteor-accounts-ui-bootstrap-dropdown.git",
        "tag": "v0.1.0",
        "commit": "e66558aaa4dc0d85c6ddb63bd2289b38c2b793f6"
      },
      "spin": {
        "git": "https://github.com/sachag/meteor-spin.git",
        "tag": "v0.1.0",
        "commit": "20fc543866f9271f80006cbed31e4ccbadf29838"
      },
      "page-js-ie-support": {
        "git": "https://github.com/tmeasday/meteor-page-js-ie-support.git",
        "tag": "v1.3.5",
        "commit": "b99ed8380aefd10b2afc8f18d9eed4dd0d8ea9cb"
      }
    }
  }
}
