{
  "meteor": {},
  "dependencies": {
    "basePackages": {
      "router": {}
    },
    "packages": {
      "router": {
        "git": "https://github.com/tmeasday/meteor-router.git",
        "tag": "v0.5.4",
        "commit": "e40ee450a756b54a32ed67be4595772403256fb5"
      },
      "page-js-ie-support": {
        "git": "https://github.com/tmeasday/meteor-page-js-ie-support.git",
        "tag": "v1.3.5",
        "commit": "b99ed8380aefd10b2afc8f18d9eed4dd0d8ea9cb"
      },
      "HTML5-History-API": {
        "git": "https://github.com/tmeasday/meteor-HTML5-History-API.git",
        "tag": "v4.0.0",
        "commit": "dc4965f1424cfca625ec3fbea17eace03f8e32c5"
      }
    }
  }
}
